{
  "name": "ayapi-term",
  "version": "0.0.1",
  "lockfileVersion": 1,
  "requires": true,
  "dependencies": {
    "extend": {
      "version": "3.0.1",
      "resolved": "https://registry.npmjs.org/extend/-/extend-3.0.1.tgz",
      "integrity": "sha1-p1Xqe8Gt/MWjHOfnYtuq3F5jZEQ="
    },
    "nan": {
      "version": "2.4.0",
      "resolved": "https://registry.npmjs.org/nan/-/nan-2.4.0.tgz",
      "integrity": "sha1-+zxZ1F/k7/4hXwuJD4rfbrMtIjI="
    },
    "ptyw.js": {
      "version": "git://github.com/ayapi/ptyw.js.git#a470cc319ff3d70a618b8cadc7ed731f234b8049",
      "requires": {
        "extend": "3.0.1",
        "nan": "2.4.0"
      }
    },
    "xterm": {
      "version": "1.1.3",
      "resolved": "https://registry.npmjs.org/xterm/-/xterm-1.1.3.tgz",
      "integrity": "sha1-jfUWBA4P6NFKnXv+GXqts2Kfqns="
    }
  }
}
